
Microsoft Visual Studio Solution File, Format Version 12.00
# Visual Studio Version 17
VisualStudioVersion = 17.5.002.0
MinimumVisualStudioVersion = 10.0.40219.1
Project("{9A19103F-16F7-4668-BE54-9A1E7A4F7556}") = "GetStartedApp", "GetStartedApp.csproj", "{7BABF079-8E70-498B-966E-293575314549}"
EndProject
Global
	GlobalSection(SolutionConfigurationPlatforms) = preSolution
		Debug|Any CPU = Debug|Any CPU
		Release|Any CPU = Release|Any CPU
	EndGlobalSection
	GlobalSection(ProjectConfigurationPlatforms) = postSolution
		{7BABF079-8E70-498B-966E-293575314549}.Debug|Any CPU.ActiveCfg = Debug|Any CPU
		{7BABF079-8E70-498B-966E-293575314549}.Debug|Any CPU.Build.0 = Debug|Any CPU
		{7BABF079-8E70-498B-966E-293575314549}.Release|Any CPU.ActiveCfg = Release|Any CPU
		{7BABF079-8E70-498B-966E-293575314549}.Release|Any CPU.Build.0 = Release|Any CPU
	EndGlobalSection
	GlobalSection(SolutionProperties) = preSolution
		HideSolutionNode = FALSE
	EndGlobalSection
	GlobalSection(ExtensibilityGlobals) = postSolution
		SolutionGuid = {480F1858-949E-4C8D-B21D-3E10144C0007}
	EndGlobalSection
EndGlobal
